
Microsoft Visual Studio Solution File, Format Version 12.00
# Visual Studio Version 16
VisualStudioVersion = 16.0.31129.286
MinimumVisualStudioVersion = 10.0.40219.1
Project("{FAE04EC0-301F-11D3-BF4B-00C04F79EFBC}") = "HelperApi", "HelperApi\HelperApi.csproj", "{1208E0BB-467D-40AF-85CC-64253B16CE32}"
EndProject
Global
	GlobalSection(SolutionConfigurationPlatforms) = preSolution
		Debug|Any CPU = Debug|Any CPU
		Release|Any CPU = Release|Any CPU
	EndGlobalSection
	GlobalSection(ProjectConfigurationPlatforms) = postSolution
		{1208E0BB-467D-40AF-85CC-64253B16CE32}.Debug|Any CPU.ActiveCfg = Debug|Any CPU
		{1208E0BB-467D-40AF-85CC-64253B16CE32}.Debug|Any CPU.Build.0 = Debug|Any CPU
		{1208E0BB-467D-40AF-85CC-64253B16CE32}.Release|Any CPU.ActiveCfg = Release|Any CPU
		{1208E0BB-467D-40AF-85CC-64253B16CE32}.Release|Any CPU.Build.0 = Release|Any CPU
	EndGlobalSection
	GlobalSection(SolutionProperties) = preSolution
		HideSolutionNode = FALSE
	EndGlobalSection
	GlobalSection(ExtensibilityGlobals) = postSolution
		SolutionGuid = {36F9E2FB-AC4D-4EF1-99AB-152F4181EF8F}
	EndGlobalSection
EndGlobal
